
Microsoft Visual Studio Solution File, Format Version 12.00
# Visual Studio Version 17
VisualStudioVersion = 17.13.35825.156 d17.13
MinimumVisualStudioVersion = 10.0.40219.1
Project("{FAE04EC0-301F-11D3-BF4B-00C04F79EFBC}") = "CQRS.EF.Dapper.Business", "CQRS.EF.Dapper.Business\CQRS.EF.Dapper.Business.csproj", "{BEDA5EB9-108B-4BFC-8A69-7E3D62CD55CD}"
EndProject
Project("{FAE04EC0-301F-11D3-BF4B-00C04F79EFBC}") = "CQRS.EF.Dapper.DataAccess", "CQRS.EF.Dapper.DataAccess\CQRS.EF.Dapper.DataAccess.csproj", "{03F0106E-21D9-47EA-ADC0-2AF655F2CE60}"
EndProject
Project("{FAE04EC0-301F-11D3-BF4B-00C04F79EFBC}") = "CQRS.EF.Dapper.Shared", "CQRS.EF.Dapper.Shared\CQRS.EF.Dapper.Shared.csproj", "{2361258C-E2FD-444B-BC6F-A46E42C6A8C4}"
EndProject
Project("{FAE04EC0-301F-11D3-BF4B-00C04F79EFBC}") = "CQRS.EF.Dapper.API", "CQRS.EF.Dapper.API\CQRS.EF.Dapper.API.csproj", "{948F08B4-8546-4E4F-A598-E4BADC676CD1}"
EndProject
Project("{FAE04EC0-301F-11D3-BF4B-00C04F79EFBC}") = "CQRS.EF.Dapper.Core", "CQRS.EF.Dapper.Core\CQRS.EF.Dapper.Core.csproj", "{D58C1968-AA16-497D-A797-10C23B9B975D}"
EndProject
Global
	GlobalSection(SolutionConfigurationPlatforms) = preSolution
		Debug|Any CPU = Debug|Any CPU
		Release|Any CPU = Release|Any CPU
	EndGlobalSection
	GlobalSection(ProjectConfigurationPlatforms) = postSolution
		{BEDA5EB9-108B-4BFC-8A69-7E3D62CD55CD}.Debug|Any CPU.ActiveCfg = Debug|Any CPU
		{BEDA5EB9-108B-4BFC-8A69-7E3D62CD55CD}.Debug|Any CPU.Build.0 = Debug|Any CPU
		{BEDA5EB9-108B-4BFC-8A69-7E3D62CD55CD}.Release|Any CPU.ActiveCfg = Release|Any CPU
		{BEDA5EB9-108B-4BFC-8A69-7E3D62CD55CD}.Release|Any CPU.Build.0 = Release|Any CPU
		{03F0106E-21D9-47EA-ADC0-2AF655F2CE60}.Debug|Any CPU.ActiveCfg = Debug|Any CPU
		{03F0106E-21D9-47EA-ADC0-2AF655F2CE60}.Debug|Any CPU.Build.0 = Debug|Any CPU
		{03F0106E-21D9-47EA-ADC0-2AF655F2CE60}.Release|Any CPU.ActiveCfg = Release|Any CPU
		{03F0106E-21D9-47EA-ADC0-2AF655F2CE60}.Release|Any CPU.Build.0 = Release|Any CPU
		{2361258C-E2FD-444B-BC6F-A46E42C6A8C4}.Debug|Any CPU.ActiveCfg = Debug|Any CPU
		{2361258C-E2FD-444B-BC6F-A46E42C6A8C4}.Debug|Any CPU.Build.0 = Debug|Any CPU
		{2361258C-E2FD-444B-BC6F-A46E42C6A8C4}.Release|Any CPU.ActiveCfg = Release|Any CPU
		{2361258C-E2FD-444B-BC6F-A46E42C6A8C4}.Release|Any CPU.Build.0 = Release|Any CPU
		{948F08B4-8546-4E4F-A598-E4BADC676CD1}.Debug|Any CPU.ActiveCfg = Debug|Any CPU
		{948F08B4-8546-4E4F-A598-E4BADC676CD1}.Debug|Any CPU.Build.0 = Debug|Any CPU
		{948F08B4-8546-4E4F-A598-E4BADC676CD1}.Release|Any CPU.ActiveCfg = Release|Any CPU
		{948F08B4-8546-4E4F-A598-E4BADC676CD1}.Release|Any CPU.Build.0 = Release|Any CPU
		{D58C1968-AA16-497D-A797-10C23B9B975D}.Debug|Any CPU.ActiveCfg = Debug|Any CPU
		{D58C1968-AA16-497D-A797-10C23B9B975D}.Debug|Any CPU.Build.0 = Debug|Any CPU
		{D58C1968-AA16-497D-A797-10C23B9B975D}.Release|Any CPU.ActiveCfg = Release|Any CPU
		{D58C1968-AA16-497D-A797-10C23B9B975D}.Release|Any CPU.Build.0 = Release|Any CPU
	EndGlobalSection
	GlobalSection(SolutionProperties) = preSolution
		HideSolutionNode = FALSE
	EndGlobalSection
	GlobalSection(ExtensibilityGlobals) = postSolution
		SolutionGuid = {6E8FD920-C4EA-44E3-804A-7D7941C4905F}
	EndGlobalSection
EndGlobal
